github.com/chipzoller/hugo-clarity v0.0.0-20220527155820-e68a52325448 h1:A98v0nwKSHPNXcdpHxhQ4Qrn8/6mS+xJdiD5dJ+8xFw=
github.com/chipzoller/hugo-clarity v0.0.0-20220527155820-e68a52325448/go.mod h1:v1JkaKdcLRibyUCalLP2CNeFo6FGzfd4ipEr4dK0+Zg=
github.com/theznerd/hugo-clarity-znerd v0.0.0-20220527155820-e68a52325448 h1:ilHrX/KnVVq+dnL2LSo4zUTcuMhh6m1zaUCi4ibf58E=
github.com/theznerd/hugo-clarity-znerd v0.0.0-20220527155820-e68a52325448/go.mod h1:BodA3HD0UonFBM16kKWceLG2LyM9QmFeA3eDyk38bYQ=
github.com/theznerd/hugo-clarity-znerd v0.0.0-20220603185631-a215d859e1cd h1:bT7GAJh3ajlxiJbBxmI0WtQu9Y0ev06782vmw3YeDbU=
github.com/theznerd/hugo-clarity-znerd v0.0.0-20220603185631-a215d859e1cd/go.mod h1:BodA3HD0UonFBM16kKWceLG2LyM9QmFeA3eDyk38bYQ=
github.com/theznerd/hugo-clarity-znerd v0.0.0-20220603185819-82b614060d98 h1:ERPbzDu41Z1eTx93Ogbquuhm9e4EJvRDLaa74gZONds=
github.com/theznerd/hugo-clarity-znerd v0.0.0-20220603185819-82b614060d98/go.mod h1:BodA3HD0UonFBM16kKWceLG2LyM9QmFeA3eDyk38bYQ=
github.com/theznerd/hugo-clarity-znerd v0.0.0-20220603190005-417b0546fc4d h1:tCOofvGbVfPbbRZ4KqX1+HBpJJlNDeCRPjvzPJXPXCA=
github.com/theznerd/hugo-clarity-znerd v0.0.0-20220603190005-417b0546fc4d/go.mod h1:BodA3HD0UonFBM16kKWceLG2LyM9QmFeA3eDyk38bYQ=
github.com/theznerd/hugo-clarity-znerd v0.0.0-20220603191618-283ef48bf254 h1:C8lqQsYYctKMQLEWNtlNiOlhbGuENPwZWZWhIk+WbEA=
github.com/theznerd/hugo-clarity-znerd v0.0.0-20220603191618-283ef48bf254/go.mod h1:BodA3HD0UonFBM16kKWceLG2LyM9QmFeA3eDyk38bYQ=
github.com/theznerd/hugo-clarity-znerd v0.0.0-20220603191750-6116de3bd1dd h1:W1jTwBJzJYmS49OeUh9XHgIfVuktqVJ/7jvfztMUsfg=
github.com/theznerd/hugo-clarity-znerd v0.0.0-20220603191750-6116de3bd1dd/go.mod h1:BodA3HD0UonFBM16kKWceLG2LyM9QmFeA3eDyk38bYQ=
github.com/theznerd/hugo-clarity-znerd v0.0.0-20220603192626-2616d1642efa h1:4dtneQNHAwCRrN9ShGpR750Iz3dbCtc916FLUWHJB2A=
github.com/theznerd/hugo-clarity-znerd v0.0.0-20220603192626-2616d1642efa/go.mod h1:BodA3HD0UonFBM16kKWceLG2LyM9QmFeA3eDyk38bYQ=
github.com/theznerd/hugo-clarity-znerd v0.0.0-20220603192811-d5ae013d08f7 h1:Vh5ae4M2Jm6S3tfiq48tkQNxRgyJBRdTt9piz9ivvmY=
github.com/theznerd/hugo-clarity-znerd v0.0.0-20220603192811-d5ae013d08f7/go.mod h1:BodA3HD0UonFBM16kKWceLG2LyM9QmFeA3eDyk38bYQ=
github.com/theznerd/hugo-clarity-znerd v0.0.0-20220603192943-09704c5c6773 h1:70/AF/ZJ9neGUjJR+osNBzwhcwZ1JlD68pjhVQJlZXU=
github.com/theznerd/hugo-clarity-znerd v0.0.0-20220603192943-09704c5c6773/go.mod h1:BodA3HD0UonFBM16kKWceLG2LyM9QmFeA3eDyk38bYQ=
github.com/theznerd/hugo-clarity-znerd v0.0.0-20220603193229-9d61c6097695 h1:8B+iY4C0SnB4foE/BSGmynEWkcEGTCYIRgseNnQvr88=
github.com/theznerd/hugo-clarity-znerd v0.0.0-20220603193229-9d61c6097695/go.mod h1:BodA3HD0UonFBM16kKWceLG2LyM9QmFeA3eDyk38bYQ=
github.com/theznerd/hugo-clarity-znerd v0.0.0-20220603200052-59b9824b4d03 h1:dor3mB9W2hpAD0+FF11fdculRN+DC/4cbnJi5ZF3DPU=
github.com/theznerd/hugo-clarity-znerd v0.0.0-20220603200052-59b9824b4d03/go.mod h1:BodA3HD0UonFBM16kKWceLG2LyM9QmFeA3eDyk38bYQ=
